// !$*UTF8*$!
{
	archiveVersion = 1;
	classes = {
	};
	objectVersion = 55;
	objects = {

/* Begin PBXBuildFile section */
		2C0C6AA52AC9EACB003229BA /* SupportPackage in Frameworks */ = {isa = PBXBuildFile; productRef = 2C0C6AA42AC9EACB003229BA /* SupportPackage */; };
		2C0C6AAE2AC9F606003229BA /* TaskLensTests.swift in Sources */ = {isa = PBXBuildFile; fileRef = 2C0C6AAD2AC9F606003229BA /* TaskLensTests.swift */; };
		2C0C6ABA2AC9FB3D003229BA /* Group.swift in Sources */ = {isa = PBXBuildFile; fileRef = 2C0C6AB82AC9F998003229BA /* Group.swift */; };
		2C1657DF2ADBD7A40051B841 /* GroupList.swift in Sources */ = {isa = PBXBuildFile; fileRef = 2C1657DE2ADBD7A40051B841 /* GroupList.swift */; };
		2C1657E12ADC46E30051B841 /* GroupCell.swift in Sources */ = {isa = PBXBuildFile; fileRef = 2C1657E02ADC46E30051B841 /* GroupCell.swift */; };
		2C1657E32ADC5EFA0051B841 /* GroupView.swift in Sources */ = {isa = PBXBuildFile; fileRef = 2C1657E22ADC5EFA0051B841 /* GroupView.swift */; };
		4236145028545AE900C68374 /* MinitaskerApp.swift in Sources */ = {isa = PBXBuildFile; fileRef = 4236142828545AE800C68374 /* MinitaskerApp.swift */; };
		4236146528545B7300C68374 /* Assets.xcassets in Resources */ = {isa = PBXBuildFile; fileRef = 4236146428545B7300C68374 /* Assets.xcassets */; };
		4236146F28545BA400C68374 /* Task.swift in Sources */ = {isa = PBXBuildFile; fileRef = 4236146628545BA400C68374 /* Task.swift */; };
		4236147028545BA400C68374 /* TaskCell.swift in Sources */ = {isa = PBXBuildFile; fileRef = 4236146728545BA400C68374 /* TaskCell.swift */; };
		4236147128545BA400C68374 /* TaskReadView.swift in Sources */ = {isa = PBXBuildFile; fileRef = 4236146828545BA400C68374 /* TaskReadView.swift */; };
		4236147328545BA400C68374 /* Model.swift in Sources */ = {isa = PBXBuildFile; fileRef = 4236146A28545BA400C68374 /* Model.swift */; };
		4236147528545BA400C68374 /* Model+UI.swift in Sources */ = {isa = PBXBuildFile; fileRef = 4236146C28545BA400C68374 /* Model+UI.swift */; };
		4236147628545BA400C68374 /* TaskList.swift in Sources */ = {isa = PBXBuildFile; fileRef = 4236146D28545BA400C68374 /* TaskList.swift */; };
		4236147728545BA400C68374 /* TaskWriteView.swift in Sources */ = {isa = PBXBuildFile; fileRef = 4236146E28545BA400C68374 /* TaskWriteView.swift */; };
		42361479285460C600C68374 /* TaskList+Filters.swift in Sources */ = {isa = PBXBuildFile; fileRef = 42361478285460C600C68374 /* TaskList+Filters.swift */; };
		4236148128547E8400C68374 /* QuickAction.swift in Sources */ = {isa = PBXBuildFile; fileRef = 4236148028547E8400C68374 /* QuickAction.swift */; };
		423614832854826400C68374 /* AppDelegate.swift in Sources */ = {isa = PBXBuildFile; fileRef = 423614822854826400C68374 /* AppDelegate.swift */; };
		4236148F285489FE00C68374 /* whiteIcon@3x.png in Resources */ = {isa = PBXBuildFile; fileRef = 4236148B285489FE00C68374 /* whiteIcon@3x.png */; };
		42361490285489FE00C68374 /* whiteIcon@2x.png in Resources */ = {isa = PBXBuildFile; fileRef = 4236148C285489FE00C68374 /* whiteIcon@2x.png */; };
		4275782C2855F16900D5493A /* Localizable.strings in Resources */ = {isa = PBXBuildFile; fileRef = 4275782E2855F16900D5493A /* Localizable.strings */; };
/* End PBXBuildFile section */

/* Begin PBXContainerItemProxy section */
		2C0C6AAF2AC9F606003229BA /* PBXContainerItemProxy */ = {
			isa = PBXContainerItemProxy;
			containerPortal = 4236142328545AE800C68374 /* Project object */;
			proxyType = 1;
			remoteGlobalIDString = 4236142E28545AE900C68374;
			remoteInfo = "Minitasker (iOS)";
		};
/* End PBXContainerItemProxy section */

/* Begin PBXFileReference section */
		2C0C6AAB2AC9F606003229BA /* MinitaskerTests.xctest */ = {isa = PBXFileReference; explicitFileType = wrapper.cfbundle; includeInIndex = 0; path = MinitaskerTests.xctest; sourceTree = BUILT_PRODUCTS_DIR; };
		2C0C6AAD2AC9F606003229BA /* TaskLensTests.swift */ = {isa = PBXFileReference; lastKnownFileType = sourcecode.swift; path = TaskLensTests.swift; sourceTree = "<group>"; };
		2C0C6AB82AC9F998003229BA /* Group.swift */ = {isa = PBXFileReference; lastKnownFileType = sourcecode.swift; path = Group.swift; sourceTree = "<group>"; };
		2C1657DE2ADBD7A40051B841 /* GroupList.swift */ = {isa = PBXFileReference; lastKnownFileType = sourcecode.swift; path = GroupList.swift; sourceTree = "<group>"; };
		2C1657E02ADC46E30051B841 /* GroupCell.swift */ = {isa = PBXFileReference; lastKnownFileType = sourcecode.swift; path = GroupCell.swift; sourceTree = "<group>"; };
		2C1657E22ADC5EFA0051B841 /* GroupView.swift */ = {isa = PBXFileReference; lastKnownFileType = sourcecode.swift; path = GroupView.swift; sourceTree = "<group>"; };
		4236142828545AE800C68374 /* MinitaskerApp.swift */ = {isa = PBXFileReference; lastKnownFileType = sourcecode.swift; path = MinitaskerApp.swift; sourceTree = "<group>"; };
		4236142F28545AE900C68374 /* Minitasker.app */ = {isa = PBXFileReference; explicitFileType = wrapper.application; includeInIndex = 0; path = Minitasker.app; sourceTree = BUILT_PRODUCTS_DIR; };
		4236146428545B7300C68374 /* Assets.xcassets */ = {isa = PBXFileReference; lastKnownFileType = folder.assetcatalog; path = Assets.xcassets; sourceTree = "<group>"; };
		4236146628545BA400C68374 /* Task.swift */ = {isa = PBXFileReference; fileEncoding = 4; lastKnownFileType = sourcecode.swift; path = Task.swift; sourceTree = "<group>"; };
		4236146728545BA400C68374 /* TaskCell.swift */ = {isa = PBXFileReference; fileEncoding = 4; lastKnownFileType = sourcecode.swift; path = TaskCell.swift; sourceTree = "<group>"; };
		4236146828545BA400C68374 /* TaskReadView.swift */ = {isa = PBXFileReference; fileEncoding = 4; lastKnownFileType = sourcecode.swift; path = TaskReadView.swift; sourceTree = "<group>"; };
		4236146A28545BA400C68374 /* Model.swift */ = {isa = PBXFileReference; fileEncoding = 4; lastKnownFileType = sourcecode.swift; path = Model.swift; sourceTree = "<group>"; };
		4236146C28545BA400C68374 /* Model+UI.swift */ = {isa = PBXFileReference; fileEncoding = 4; lastKnownFileType = sourcecode.swift; path = "Model+UI.swift"; sourceTree = "<group>"; };
		4236146D28545BA400C68374 /* TaskList.swift */ = {isa = PBXFileReference; fileEncoding = 4; lastKnownFileType = sourcecode.swift; path = TaskList.swift; sourceTree = "<group>"; };
		4236146E28545BA400C68374 /* TaskWriteView.swift */ = {isa = PBXFileReference; fileEncoding = 4; lastKnownFileType = sourcecode.swift; path = TaskWriteView.swift; sourceTree = "<group>"; };
		42361478285460C600C68374 /* TaskList+Filters.swift */ = {isa = PBXFileReference; lastKnownFileType = sourcecode.swift; path = "TaskList+Filters.swift"; sourceTree = "<group>"; };
		4236147F28547CA600C68374 /* Info.plist */ = {isa = PBXFileReference; lastKnownFileType = text.plist.xml; path = Info.plist; sourceTree = "<group>"; };
		4236148028547E8400C68374 /* QuickAction.swift */ = {isa = PBXFileReference; lastKnownFileType = sourcecode.swift; path = QuickAction.swift; sourceTree = "<group>"; };
		423614822854826400C68374 /* AppDelegate.swift */ = {isa = PBXFileReference; lastKnownFileType = sourcecode.swift; path = AppDelegate.swift; sourceTree = "<group>"; };
		4236148B285489FE00C68374 /* whiteIcon@3x.png */ = {isa = PBXFileReference; lastKnownFileType = image.png; path = "whiteIcon@3x.png"; sourceTree = "<group>"; };
		4236148C285489FE00C68374 /* whiteIcon@2x.png */ = {isa = PBXFileReference; lastKnownFileType = image.png; path = "whiteIcon@2x.png"; sourceTree = "<group>"; };
		4275782D2855F16900D5493A /* en */ = {isa = PBXFileReference; lastKnownFileType = text.plist.strings; name = en; path = en.lproj/Localizable.strings; sourceTree = "<group>"; };
		4275782F2855F16B00D5493A /* cs */ = {isa = PBXFileReference; lastKnownFileType = text.plist.strings; name = cs; path = cs.lproj/Localizable.strings; sourceTree = "<group>"; };
/* End PBXFileReference section */

/* Begin PBXFrameworksBuildPhase section */
		2C0C6AA82AC9F606003229BA /* Frameworks */ = {
			isa = PBXFrameworksBuildPhase;
			buildActionMask = 2147483647;
			files = (
			);
			runOnlyForDeploymentPostprocessing = 0;
		};
		4236142C28545AE900C68374 /* Frameworks */ = {
			isa = PBXFrameworksBuildPhase;
			buildActionMask = 2147483647;
			files = (
				2C0C6AA52AC9EACB003229BA /* SupportPackage in Frameworks */,
			);
			runOnlyForDeploymentPostprocessing = 0;
		};
/* End PBXFrameworksBuildPhase section */

/* Begin PBXGroup section */
		2C0C6AAC2AC9F606003229BA /* MinitaskerTests */ = {
			isa = PBXGroup;
			children = (
				2C0C6AAD2AC9F606003229BA /* TaskLensTests.swift */,
			);
			path = MinitaskerTests;
			sourceTree = "<group>";
		};
		2C1657DC2ADBD6700051B841 /* Task */ = {
			isa = PBXGroup;
			children = (
				4236146728545BA400C68374 /* TaskCell.swift */,
				4236146D28545BA400C68374 /* TaskList.swift */,
				42361478285460C600C68374 /* TaskList+Filters.swift */,
				4236146828545BA400C68374 /* TaskReadView.swift */,
				4236146E28545BA400C68374 /* TaskWriteView.swift */,
			);
			path = Task;
			sourceTree = "<group>";
		};
		2C1657DD2ADBD7690051B841 /* Group */ = {
			isa = PBXGroup;
			children = (
				2C1657DE2ADBD7A40051B841 /* GroupList.swift */,
				2C1657E02ADC46E30051B841 /* GroupCell.swift */,
				2C1657E22ADC5EFA0051B841 /* GroupView.swift */,
			);
			path = Group;
			sourceTree = "<group>";
		};
		2C2ECBBC2AD1DE2F008F6744 /* QuickAction */ = {
			isa = PBXGroup;
			children = (
				423614822854826400C68374 /* AppDelegate.swift */,
				4236148028547E8400C68374 /* QuickAction.swift */,
			);
			path = QuickAction;
			sourceTree = "<group>";
		};
		4236142228545AE800C68374 = {
			isa = PBXGroup;
			children = (
				4236142828545AE800C68374 /* MinitaskerApp.swift */,
				4236148A285484C700C68374 /* Resources */,
				4236142728545AE800C68374 /* Model */,
				2C2ECBBC2AD1DE2F008F6744 /* QuickAction */,
				2C1657DD2ADBD7690051B841 /* Group */,
				2C1657DC2ADBD6700051B841 /* Task */,
				2C0C6AAC2AC9F606003229BA /* MinitaskerTests */,
				4236143028545AE900C68374 /* Products */,
			);
			sourceTree = "<group>";
		};
		4236142728545AE800C68374 /* Model */ = {
			isa = PBXGroup;
			children = (
				4236146628545BA400C68374 /* Task.swift */,
				2C0C6AB82AC9F998003229BA /* Group.swift */,
				4236146A28545BA400C68374 /* Model.swift */,
				4236146C28545BA400C68374 /* Model+UI.swift */,
			);
			path = Model;
			sourceTree = "<group>";
		};
		4236143028545AE900C68374 /* Products */ = {
			isa = PBXGroup;
			children = (
				4236142F28545AE900C68374 /* Minitasker.app */,
				2C0C6AAB2AC9F606003229BA /* MinitaskerTests.xctest */,
			);
			name = Products;
			sourceTree = "<group>";
		};
		4236148A285484C700C68374 /* Resources */ = {
			isa = PBXGroup;
			children = (
				4236146428545B7300C68374 /* Assets.xcassets */,
				4236147F28547CA600C68374 /* Info.plist */,
				4236148C285489FE00C68374 /* whiteIcon@2x.png */,
				4236148B285489FE00C68374 /* whiteIcon@3x.png */,
				4275782E2855F16900D5493A /* Localizable.strings */,
			);
			path = Resources;
			sourceTree = "<group>";
		};
/* End PBXGroup section */

/* Begin PBXNativeTarget section */
		2C0C6AAA2AC9F606003229BA /* MinitaskerTests */ = {
			isa = PBXNativeTarget;
			buildConfigurationList = 2C0C6AB12AC9F606003229BA /* Build configuration list for PBXNativeTarget "MinitaskerTests" */;
			buildPhases = (
				2C0C6AA72AC9F606003229BA /* Sources */,
				2C0C6AA82AC9F606003229BA /* Frameworks */,
				2C0C6AA92AC9F606003229BA /* Resources */,
			);
			buildRules = (
			);
			dependencies = (
				2C0C6AB02AC9F606003229BA /* PBXTargetDependency */,
			);
			name = MinitaskerTests;
			productName = MinitaskerTests;
			productReference = 2C0C6AAB2AC9F606003229BA /* MinitaskerTests.xctest */;
			productType = "com.apple.product-type.bundle.unit-test";
		};
		4236142E28545AE900C68374 /* Minitasker (iOS) */ = {
			isa = PBXNativeTarget;
			buildConfigurationList = 4236145828545AE900C68374 /* Build configuration list for PBXNativeTarget "Minitasker (iOS)" */;
			buildPhases = (
				4236142B28545AE900C68374 /* Sources */,
				4236142C28545AE900C68374 /* Frameworks */,
				4236142D28545AE900C68374 /* Resources */,
			);
			buildRules = (
			);
			dependencies = (
			);
			name = "Minitasker (iOS)";
			packageProductDependencies = (
				2C0C6AA42AC9EACB003229BA /* SupportPackage */,
			);
			productName = "Minitasker (iOS)";
			productReference = 4236142F28545AE900C68374 /* Minitasker.app */;
			productType = "com.apple.product-type.application";
		};
/* End PBXNativeTarget section */

/* Begin PBXProject section */
		4236142328545AE800C68374 /* Project object */ = {
			isa = PBXProject;
			attributes = {
				BuildIndependentTargetsInParallel = 1;
				LastSwiftUpdateCheck = 1430;
				LastUpgradeCheck = 1330;
				TargetAttributes = {
					2C0C6AAA2AC9F606003229BA = {
						CreatedOnToolsVersion = 14.3;
						TestTargetID = 4236142E28545AE900C68374;
					};
					4236142E28545AE900C68374 = {
						CreatedOnToolsVersion = 13.3;
					};
				};
			};
			buildConfigurationList = 4236142628545AE800C68374 /* Build configuration list for PBXProject "Minitasker" */;
			compatibilityVersion = "Xcode 13.0";
			developmentRegion = en;
			hasScannedForEncodings = 0;
			knownRegions = (
				en,
				cs,
			);
			mainGroup = 4236142228545AE800C68374;
			packageReferences = (
				2C0C6AA32AC9EACB003229BA /* XCRemoteSwiftPackageReference "SupportPackage" */,
			);
			productRefGroup = 4236143028545AE900C68374 /* Products */;
			projectDirPath = "";
			projectRoot = "";
			targets = (
				4236142E28545AE900C68374 /* Minitasker (iOS) */,
				2C0C6AAA2AC9F606003229BA /* MinitaskerTests */,
			);
		};
/* End PBXProject section */

/* Begin PBXResourcesBuildPhase section */
		2C0C6AA92AC9F606003229BA /* Resources */ = {
			isa = PBXResourcesBuildPhase;
			buildActionMask = 2147483647;
			files = (
			);
			runOnlyForDeploymentPostprocessing = 0;
		};
		4236142D28545AE900C68374 /* Resources */ = {
			isa = PBXResourcesBuildPhase;
			buildActionMask = 2147483647;
			files = (
				4236148F285489FE00C68374 /* whiteIcon@3x.png in Resources */,
				4275782C2855F16900D5493A /* Localizable.strings in Resources */,
				4236146528545B7300C68374 /* Assets.xcassets in Resources */,
				42361490285489FE00C68374 /* whiteIcon@2x.png in Resources */,
			);
			runOnlyForDeploymentPostprocessing = 0;
		};
/* End PBXResourcesBuildPhase section */

/* Begin PBXSourcesBuildPhase section */
		2C0C6AA72AC9F606003229BA /* Sources */ = {
			isa = PBXSourcesBuildPhase;
			buildActionMask = 2147483647;
			files = (
				2C0C6AAE2AC9F606003229BA /* TaskLensTests.swift in Sources */,
			);
			runOnlyForDeploymentPostprocessing = 0;
		};
		4236142B28545AE900C68374 /* Sources */ = {
			isa = PBXSourcesBuildPhase;
			buildActionMask = 2147483647;
			files = (
				423614832854826400C68374 /* AppDelegate.swift in Sources */,
				4236147328545BA400C68374 /* Model.swift in Sources */,
				4236147728545BA400C68374 /* TaskWriteView.swift in Sources */,
				2C1657E32ADC5EFA0051B841 /* GroupView.swift in Sources */,
				2C0C6ABA2AC9FB3D003229BA /* Group.swift in Sources */,
				2C1657DF2ADBD7A40051B841 /* GroupList.swift in Sources */,
				4236147028545BA400C68374 /* TaskCell.swift in Sources */,
				42361479285460C600C68374 /* TaskList+Filters.swift in Sources */,
				2C1657E12ADC46E30051B841 /* GroupCell.swift in Sources */,
				4236147128545BA400C68374 /* TaskReadView.swift in Sources */,
				4236147628545BA400C68374 /* TaskList.swift in Sources */,
				4236147528545BA400C68374 /* Model+UI.swift in Sources */,
				4236148128547E8400C68374 /* QuickAction.swift in Sources */,
				4236146F28545BA400C68374 /* Task.swift in Sources */,
				4236145028545AE900C68374 /* MinitaskerApp.swift in Sources */,
			);
			runOnlyForDeploymentPostprocessing = 0;
		};
/* End PBXSourcesBuildPhase section */

/* Begin PBXTargetDependency section */
		2C0C6AB02AC9F606003229BA /* PBXTargetDependency */ = {
			isa = PBXTargetDependency;
			target = 4236142E28545AE900C68374 /* Minitasker (iOS) */;
			targetProxy = 2C0C6AAF2AC9F606003229BA /* PBXContainerItemProxy */;
		};
/* End PBXTargetDependency section */

/* Begin PBXVariantGroup section */
		4275782E2855F16900D5493A /* Localizable.strings */ = {
			isa = PBXVariantGroup;
			children = (
				4275782D2855F16900D5493A /* en */,
				4275782F2855F16B00D5493A /* cs */,
			);
			name = Localizable.strings;
			sourceTree = "<group>";
		};
/* End PBXVariantGroup section */

/* Begin XCBuildConfiguration section */
		2C0C6AB22AC9F606003229BA /* Debug */ = {
			isa = XCBuildConfiguration;
			buildSettings = {
				BUNDLE_LOADER = "$(TEST_HOST)";
				CLANG_CXX_LANGUAGE_STANDARD = "gnu++20";
				CODE_SIGN_STYLE = Automatic;
				CURRENT_PROJECT_VERSION = 1;
				DEVELOPMENT_TEAM = 57C78B97UA;
				GENERATE_INFOPLIST_FILE = YES;
				IPHONEOS_DEPLOYMENT_TARGET = 16.4;
				MARKETING_VERSION = 1.0;
				PRODUCT_BUNDLE_IDENTIFIER = raskavil.MinitaskerTests;
				PRODUCT_NAME = "$(TARGET_NAME)";
				SDKROOT = iphoneos;
				SWIFT_EMIT_LOC_STRINGS = NO;
				SWIFT_VERSION = 5.0;
				TARGETED_DEVICE_FAMILY = "1,2";
				TEST_HOST = "$(BUILT_PRODUCTS_DIR)/Minitasker.app/$(BUNDLE_EXECUTABLE_FOLDER_PATH)/Minitasker";
			};
			name = Debug;
		};
		2C0C6AB32AC9F606003229BA /* Release */ = {
			isa = XCBuildConfiguration;
			buildSettings = {
				BUNDLE_LOADER = "$(TEST_HOST)";
				CLANG_CXX_LANGUAGE_STANDARD = "gnu++20";
				CODE_SIGN_STYLE = Automatic;
				CURRENT_PROJECT_VERSION = 1;
				DEVELOPMENT_TEAM = 57C78B97UA;
				GENERATE_INFOPLIST_FILE = YES;
				IPHONEOS_DEPLOYMENT_TARGET = 16.4;
				MARKETING_VERSION = 1.0;
				PRODUCT_BUNDLE_IDENTIFIER = raskavil.MinitaskerTests;
				PRODUCT_NAME = "$(TARGET_NAME)";
				SDKROOT = iphoneos;
				SWIFT_EMIT_LOC_STRINGS = NO;
				SWIFT_VERSION = 5.0;
				TARGETED_DEVICE_FAMILY = "1,2";
				TEST_HOST = "$(BUILT_PRODUCTS_DIR)/Minitasker.app/$(BUNDLE_EXECUTABLE_FOLDER_PATH)/Minitasker";
				VALIDATE_PRODUCT = YES;
			};
			name = Release;
		};
		4236145628545AE900C68374 /* Debug */ = {
			isa = XCBuildConfiguration;
			buildSettings = {
				ALWAYS_SEARCH_USER_PATHS = NO;
				CLANG_ANALYZER_NONNULL = YES;
				CLANG_ANALYZER_NUMBER_OBJECT_CONVERSION = YES_AGGRESSIVE;
				CLANG_CXX_LANGUAGE_STANDARD = "gnu++17";
				CLANG_ENABLE_MODULES = YES;
				CLANG_ENABLE_OBJC_ARC = YES;
				CLANG_ENABLE_OBJC_WEAK = YES;
				CLANG_WARN_BLOCK_CAPTURE_AUTORELEASING = YES;
				CLANG_WARN_BOOL_CONVERSION = YES;
				CLANG_WARN_COMMA = YES;
				CLANG_WARN_CONSTANT_CONVERSION = YES;
				CLANG_WARN_DEPRECATED_OBJC_IMPLEMENTATIONS = YES;
				CLANG_WARN_DIRECT_OBJC_ISA_USAGE = YES_ERROR;
				CLANG_WARN_DOCUMENTATION_COMMENTS = YES;
				CLANG_WARN_EMPTY_BODY = YES;
				CLANG_WARN_ENUM_CONVERSION = YES;
				CLANG_WARN_INFINITE_RECURSION = YES;
				CLANG_WARN_INT_CONVERSION = YES;
				CLANG_WARN_NON_LITERAL_NULL_CONVERSION = YES;
				CLANG_WARN_OBJC_IMPLICIT_RETAIN_SELF = YES;
				CLANG_WARN_OBJC_LITERAL_CONVERSION = YES;
				CLANG_WARN_OBJC_ROOT_CLASS = YES_ERROR;
				CLANG_WARN_QUOTED_INCLUDE_IN_FRAMEWORK_HEADER = YES;
				CLANG_WARN_RANGE_LOOP_ANALYSIS = YES;
				CLANG_WARN_STRICT_PROTOTYPES = YES;
				CLANG_WARN_SUSPICIOUS_MOVE = YES;
				CLANG_WARN_UNGUARDED_AVAILABILITY = YES_AGGRESSIVE;
				CLANG_WARN_UNREACHABLE_CODE = YES;
				CLANG_WARN__DUPLICATE_METHOD_MATCH = YES;
				COPY_PHASE_STRIP = NO;
				DEBUG_INFORMATION_FORMAT = dwarf;
				ENABLE_STRICT_OBJC_MSGSEND = YES;
				ENABLE_TESTABILITY = YES;
				GCC_C_LANGUAGE_STANDARD = gnu11;
				GCC_DYNAMIC_NO_PIC = NO;
				GCC_NO_COMMON_BLOCKS = YES;
				GCC_OPTIMIZATION_LEVEL = 0;
				GCC_PREPROCESSOR_DEFINITIONS = (
					"DEBUG=1",
					"$(inherited)",
				);
				GCC_WARN_64_TO_32_BIT_CONVERSION = YES;
				GCC_WARN_ABOUT_RETURN_TYPE = YES_ERROR;
				GCC_WARN_UNDECLARED_SELECTOR = YES;
				GCC_WARN_UNINITIALIZED_AUTOS = YES_AGGRESSIVE;
				GCC_WARN_UNUSED_FUNCTION = YES;
				GCC_WARN_UNUSED_VARIABLE = YES;
				IPHONEOS_DEPLOYMENT_TARGET = 15.0;
				MTL_ENABLE_DEBUG_INFO = INCLUDE_SOURCE;
				MTL_FAST_MATH = YES;
				ONLY_ACTIVE_ARCH = YES;
				SWIFT_ACTIVE_COMPILATION_CONDITIONS = DEBUG;
				SWIFT_OPTIMIZATION_LEVEL = "-Onone";
			};
			name = Debug;
		};
		4236145728545AE900C68374 /* Release */ = {
			isa = XCBuildConfiguration;
			buildSettings = {
				ALWAYS_SEARCH_USER_PATHS = NO;
				CLANG_ANALYZER_NONNULL = YES;
				CLANG_ANALYZER_NUMBER_OBJECT_CONVERSION = YES_AGGRESSIVE;
				CLANG_CXX_LANGUAGE_STANDARD = "gnu++17";
				CLANG_ENABLE_MODULES = YES;
				CLANG_ENABLE_OBJC_ARC = YES;
				CLANG_ENABLE_OBJC_WEAK = YES;
				CLANG_WARN_BLOCK_CAPTURE_AUTORELEASING = YES;
				CLANG_WARN_BOOL_CONVERSION = YES;
				CLANG_WARN_COMMA = YES;
				CLANG_WARN_CONSTANT_CONVERSION = YES;
				CLANG_WARN_DEPRECATED_OBJC_IMPLEMENTATIONS = YES;
				CLANG_WARN_DIRECT_OBJC_ISA_USAGE = YES_ERROR;
				CLANG_WARN_DOCUMENTATION_COMMENTS = YES;
				CLANG_WARN_EMPTY_BODY = YES;
				CLANG_WARN_ENUM_CONVERSION = YES;
				CLANG_WARN_INFINITE_RECURSION = YES;
				CLANG_WARN_INT_CONVERSION = YES;
				CLANG_WARN_NON_LITERAL_NULL_CONVERSION = YES;
				CLANG_WARN_OBJC_IMPLICIT_RETAIN_SELF = YES;
				CLANG_WARN_OBJC_LITERAL_CONVERSION = YES;
				CLANG_WARN_OBJC_ROOT_CLASS = YES_ERROR;
				CLANG_WARN_QUOTED_INCLUDE_IN_FRAMEWORK_HEADER = YES;
				CLANG_WARN_RANGE_LOOP_ANALYSIS = YES;
				CLANG_WARN_STRICT_PROTOTYPES = YES;
				CLANG_WARN_SUSPICIOUS_MOVE = YES;
				CLANG_WARN_UNGUARDED_AVAILABILITY = YES_AGGRESSIVE;
				CLANG_WARN_UNREACHABLE_CODE = YES;
				CLANG_WARN__DUPLICATE_METHOD_MATCH = YES;
				COPY_PHASE_STRIP = NO;
				DEBUG_INFORMATION_FORMAT = "dwarf-with-dsym";
				ENABLE_NS_ASSERTIONS = NO;
				ENABLE_STRICT_OBJC_MSGSEND = YES;
				GCC_C_LANGUAGE_STANDARD = gnu11;
				GCC_NO_COMMON_BLOCKS = YES;
				GCC_WARN_64_TO_32_BIT_CONVERSION = YES;
				GCC_WARN_ABOUT_RETURN_TYPE = YES_ERROR;
				GCC_WARN_UNDECLARED_SELECTOR = YES;
				GCC_WARN_UNINITIALIZED_AUTOS = YES_AGGRESSIVE;
				GCC_WARN_UNUSED_FUNCTION = YES;
				GCC_WARN_UNUSED_VARIABLE = YES;
				IPHONEOS_DEPLOYMENT_TARGET = 15.0;
				MTL_ENABLE_DEBUG_INFO = NO;
				MTL_FAST_MATH = YES;
				SWIFT_COMPILATION_MODE = wholemodule;
				SWIFT_OPTIMIZATION_LEVEL = "-O";
			};
			name = Release;
		};
		4236145928545AE900C68374 /* Debug */ = {
			isa = XCBuildConfiguration;
			buildSettings = {
				ASSETCATALOG_COMPILER_APPICON_NAME = blackIcon;
				ASSETCATALOG_COMPILER_GLOBAL_ACCENT_COLOR_NAME = AccentColor;
				ASSETCATALOG_COMPILER_INCLUDE_ALL_APPICON_ASSETS = YES;
				CODE_SIGN_STYLE = Automatic;
				CURRENT_PROJECT_VERSION = 5;
				DEVELOPMENT_TEAM = 57C78B97UA;
				ENABLE_PREVIEWS = YES;
				GENERATE_INFOPLIST_FILE = YES;
				INFOPLIST_FILE = Resources/Info.plist;
				INFOPLIST_KEY_LSApplicationCategoryType = "public.app-category.productivity";
				INFOPLIST_KEY_UIApplicationSupportsIndirectInputEvents = YES;
				INFOPLIST_KEY_UILaunchScreen_Generation = YES;
				INFOPLIST_KEY_UISupportedInterfaceOrientations = UIInterfaceOrientationPortrait;
				INFOPLIST_KEY_UISupportedInterfaceOrientations_iPad = "UIInterfaceOrientationPortrait UIInterfaceOrientationPortraitUpsideDown UIInterfaceOrientationLandscapeLeft UIInterfaceOrientationLandscapeRight";
				INFOPLIST_KEY_UISupportedInterfaceOrientations_iPhone = "UIInterfaceOrientationPortrait UIInterfaceOrientationLandscapeLeft UIInterfaceOrientationLandscapeRight";
				IPHONEOS_DEPLOYMENT_TARGET = 16.0;
				LD_RUNPATH_SEARCH_PATHS = (
					"$(inherited)",
					"@executable_path/Frameworks",
				);
				MARKETING_VERSION = 1.1;
				PRODUCT_BUNDLE_IDENTIFIER = cz.raskavil.minitasker;
				PRODUCT_NAME = Minitasker;
				SDKROOT = iphoneos;
				SWIFT_EMIT_LOC_STRINGS = YES;
				SWIFT_VERSION = 5.0;
				TARGETED_DEVICE_FAMILY = "1,2";
			};
			name = Debug;
		};
		4236145A28545AE900C68374 /* Release */ = {
			isa = XCBuildConfiguration;
			buildSettings = {
				ASSETCATALOG_COMPILER_APPICON_NAME = blackIcon;
				ASSETCATALOG_COMPILER_GLOBAL_ACCENT_COLOR_NAME = AccentColor;
				ASSETCATALOG_COMPILER_INCLUDE_ALL_APPICON_ASSETS = YES;
				CODE_SIGN_STYLE = Automatic;
				CURRENT_PROJECT_VERSION = 5;
				DEVELOPMENT_TEAM = 57C78B97UA;
				ENABLE_PREVIEWS = YES;
				GENERATE_INFOPLIST_FILE = YES;
				INFOPLIST_FILE = Resources/Info.plist;
				INFOPLIST_KEY_LSApplicationCategoryType = "public.app-category.productivity";
				INFOPLIST_KEY_UIApplicationSupportsIndirectInputEvents = YES;
				INFOPLIST_KEY_UILaunchScreen_Generation = YES;
				INFOPLIST_KEY_UISupportedInterfaceOrientations = UIInterfaceOrientationPortrait;
				INFOPLIST_KEY_UISupportedInterfaceOrientations_iPad = "UIInterfaceOrientationPortrait UIInterfaceOrientationPortraitUpsideDown UIInterfaceOrientationLandscapeLeft UIInterfaceOrientationLandscapeRight";
				INFOPLIST_KEY_UISupportedInterfaceOrientations_iPhone = "UIInterfaceOrientationPortrait UIInterfaceOrientationLandscapeLeft UIInterfaceOrientationLandscapeRight";
				IPHONEOS_DEPLOYMENT_TARGET = 16.0;
				LD_RUNPATH_SEARCH_PATHS = (
					"$(inherited)",
					"@executable_path/Frameworks",
				);
				MARKETING_VERSION = 1.1;
				PRODUCT_BUNDLE_IDENTIFIER = cz.raskavil.minitasker;
				PRODUCT_NAME = Minitasker;
				SDKROOT = iphoneos;
				SWIFT_EMIT_LOC_STRINGS = YES;
				SWIFT_VERSION = 5.0;
				TARGETED_DEVICE_FAMILY = "1,2";
				VALIDATE_PRODUCT = YES;
			};
			name = Release;
		};
/* End XCBuildConfiguration section */

/* Begin XCConfigurationList section */
		2C0C6AB12AC9F606003229BA /* Build configuration list for PBXNativeTarget "MinitaskerTests" */ = {
			isa = XCConfigurationList;
			buildConfigurations = (
				2C0C6AB22AC9F606003229BA /* Debug */,
				2C0C6AB32AC9F606003229BA /* Release */,
			);
			defaultConfigurationIsVisible = 0;
			defaultConfigurationName = Release;
		};
		4236142628545AE800C68374 /* Build configuration list for PBXProject "Minitasker" */ = {
			isa = XCConfigurationList;
			buildConfigurations = (
				4236145628545AE900C68374 /* Debug */,
				4236145728545AE900C68374 /* Release */,
			);
			defaultConfigurationIsVisible = 0;
			defaultConfigurationName = Release;
		};
		4236145828545AE900C68374 /* Build configuration list for PBXNativeTarget "Minitasker (iOS)" */ = {
			isa = XCConfigurationList;
			buildConfigurations = (
				4236145928545AE900C68374 /* Debug */,
				4236145A28545AE900C68374 /* Release */,
			);
			defaultConfigurationIsVisible = 0;
			defaultConfigurationName = Release;
		};
/* End XCConfigurationList section */

/* Begin XCRemoteSwiftPackageReference section */
		2C0C6AA32AC9EACB003229BA /* XCRemoteSwiftPackageReference "SupportPackage" */ = {
			isa = XCRemoteSwiftPackageReference;
			repositoryURL = "https://github.com/raskavil/SupportPackage";
			requirement = {
				branch = main;
				kind = branch;
			};
		};
/* End XCRemoteSwiftPackageReference section */

/* Begin XCSwiftPackageProductDependency section */
		2C0C6AA42AC9EACB003229BA /* SupportPackage */ = {
			isa = XCSwiftPackageProductDependency;
			package = 2C0C6AA32AC9EACB003229BA /* XCRemoteSwiftPackageReference "SupportPackage" */;
			productName = SupportPackage;
		};
/* End XCSwiftPackageProductDependency section */
	};
	rootObject = 4236142328545AE800C68374 /* Project object */;
}
